lockfileVersion: '6.0'

settings:
  autoInstallPeers: true
  excludeLinksFromLockfile: false

dependencies:
  prettier:
    specifier: ^3.0.3
    version: 3.0.3
  prettier-quick:
    specifier: ^0.0.5
    version: 0.0.5

packages:

  /prettier-quick@0.0.5:
    resolution: {integrity: sha512-5zOMSPAK7JQMNWjtxAy35XPgRN8TQY+khgpNhznQ30Zsv6V0hOIjre8X5cTrtdqa3NKZWWF1+TNS5+1LX/3a0w==}
    dev: false

  /prettier@3.0.3:
    resolution: {integrity: sha512-L/4pUDMxcNa8R/EthV08Zt42WBO4h1rarVtK0K+QJG0X187OLo7l699jWw0GKuwzkPQ//jMFA/8Xm6Fh3J/DAg==}
    engines: {node: '>=14'}
    hasBin: true
    dev: false
